
Microsoft Visual Studio Solution File, Format Version 12.00
# Visual Studio Version 17
VisualStudioVersion = 17.5.002.0
MinimumVisualStudioVersion = 10.0.40219.1
Project("{2150E333-8FDC-42A3-9474-1A3956D46DE8}") = "api", "api", "{B1115EB7-CC4F-4696-AD4D-E56FCFEEC4F9}"
EndProject
Project("{9A19103F-16F7-4668-BE54-9A1E7A4F7556}") = "CryptoDashboard.Api", "api\CryptoDashboard.Api\CryptoDashboard.Api.csproj", "{C0245A0D-66A2-4050-B442-3E0A633AF789}"
EndProject
Global
	GlobalSection(SolutionConfigurationPlatforms) = preSolution
		Debug|Any CPU = Debug|Any CPU
		Release|Any CPU = Release|Any CPU
	EndGlobalSection
	GlobalSection(ProjectConfigurationPlatforms) = postSolution
		{C0245A0D-66A2-4050-B442-3E0A633AF789}.Debug|Any CPU.ActiveCfg = Debug|Any CPU
		{C0245A0D-66A2-4050-B442-3E0A633AF789}.Debug|Any CPU.Build.0 = Debug|Any CPU
		{C0245A0D-66A2-4050-B442-3E0A633AF789}.Release|Any CPU.ActiveCfg = Release|Any CPU
		{C0245A0D-66A2-4050-B442-3E0A633AF789}.Release|Any CPU.Build.0 = Release|Any CPU
	EndGlobalSection
	GlobalSection(SolutionProperties) = preSolution
		HideSolutionNode = FALSE
	EndGlobalSection
	GlobalSection(NestedProjects) = preSolution
		{C0245A0D-66A2-4050-B442-3E0A633AF789} = {B1115EB7-CC4F-4696-AD4D-E56FCFEEC4F9}
	EndGlobalSection
	GlobalSection(ExtensibilityGlobals) = postSolution
		SolutionGuid = {2D2EFB2E-375A-40BF-88CC-248C0416BCC6}
	EndGlobalSection
EndGlobal
